{
  "name": "Api-Example",
  "version": "1.0.0",
  "lockfileVersion": 1,
  "requires": true,
  "dependencies": {
    "aegis-weex-sdk": {
      "version": "1.24.46",
      "resolved": "https://mirrors.tencent.com/npm/aegis-weex-sdk/-/aegis-weex-sdk-1.24.46.tgz",
      "integrity": "sha512-Wof6LLIg4fWP9mPy2WCTvfErhkqrL5ecMoXfcjWz0RyPsjxjy/U9RY+4wf/am/JQdr8bZUtFpH2bQ5IEwoaYiQ=="
    }
  }
}
